{
  "name": "QuickComposeAddIn",
  "lockfileVersion": 2,
  "requires": true,
  "packages": {
    "": {
      "devDependencies": {
        "@types/office-js": "^1.0.318"
      }
    },
    "node_modules/@types/office-js": {
      "version": "1.0.318",
      "resolved": "https://registry.npmjs.org/@types/office-js/-/office-js-1.0.318.tgz",
      "integrity": "sha512-3uidjkHTzqewiVnkv/honfmh9YzNRxDMAB0jKj/xhN2crrSCn3lSGvsXRlmHbDo1c4Jc44vZY1B83qwc2vs6XA==",
      "dev": true
    }
  },
  "dependencies": {
    "@types/office-js": {
      "version": "1.0.318",
      "resolved": "https://registry.npmjs.org/@types/office-js/-/office-js-1.0.318.tgz",
      "integrity": "sha512-3uidjkHTzqewiVnkv/honfmh9YzNRxDMAB0jKj/xhN2crrSCn3lSGvsXRlmHbDo1c4Jc44vZY1B83qwc2vs6XA==",
      "dev": true
    }
  }
}
